
Microsoft Visual Studio Solution File, Format Version 12.00
# Visual Studio Version 16
VisualStudioVersion = 16.0.32929.386
MinimumVisualStudioVersion = 10.0.40219.1
Project("{FAE04EC0-301F-11D3-BF4B-00C04F79EFBC}") = "SpyXFamily", "SpyXFamily\SpyXFamily.csproj", "{F8D7DACE-8A01-4713-B960-6FB4CCEB84AF}"
EndProject
Global
	GlobalSection(SolutionConfigurationPlatforms) = preSolution
		Debug|Any CPU = Debug|Any CPU
		Release|Any CPU = Release|Any CPU
	EndGlobalSection
	GlobalSection(ProjectConfigurationPlatforms) = postSolution
		{F8D7DACE-8A01-4713-B960-6FB4CCEB84AF}.Debug|Any CPU.ActiveCfg = Debug|Any CPU
		{F8D7DACE-8A01-4713-B960-6FB4CCEB84AF}.Debug|Any CPU.Build.0 = Debug|Any CPU
		{F8D7DACE-8A01-4713-B960-6FB4CCEB84AF}.Release|Any CPU.ActiveCfg = Release|Any CPU
		{F8D7DACE-8A01-4713-B960-6FB4CCEB84AF}.Release|Any CPU.Build.0 = Release|Any CPU
	EndGlobalSection
	GlobalSection(SolutionProperties) = preSolution
		HideSolutionNode = FALSE
	EndGlobalSection
	GlobalSection(ExtensibilityGlobals) = postSolution
		SolutionGuid = {55FE8DE6-8C61-4B5F-94A3-7FC7FBA8A150}
	EndGlobalSection
EndGlobal
